
Microsoft Visual Studio Solution File, Format Version 12.00
# Visual Studio Version 16
VisualStudioVersion = 16.0.29215.179
MinimumVisualStudioVersion = 10.0.40219.1
Project("{8BC9CEB8-8B4A-11D0-8D11-00A0C91BC942}") = "t4", "t4\t4.vcxproj", "{66A19023-8E23-4FEF-B9B0-40CB4EE32432}"
EndProject
Global
	GlobalSection(SolutionConfigurationPlatforms) = preSolution
		Debug|x64 = Debug|x64
		Debug|x86 = Debug|x86
		Release|x64 = Release|x64
		Release|x86 = Release|x86
	EndGlobalSection
	GlobalSection(ProjectConfigurationPlatforms) = postSolution
		{66A19023-8E23-4FEF-B9B0-40CB4EE32432}.Debug|x64.ActiveCfg = Debug|x64
		{66A19023-8E23-4FEF-B9B0-40CB4EE32432}.Debug|x64.Build.0 = Debug|x64
		{66A19023-8E23-4FEF-B9B0-40CB4EE32432}.Debug|x86.ActiveCfg = Debug|Win32
		{66A19023-8E23-4FEF-B9B0-40CB4EE32432}.Debug|x86.Build.0 = Debug|Win32
		{66A19023-8E23-4FEF-B9B0-40CB4EE32432}.Release|x64.ActiveCfg = Release|x64
		{66A19023-8E23-4FEF-B9B0-40CB4EE32432}.Release|x64.Build.0 = Release|x64
		{66A19023-8E23-4FEF-B9B0-40CB4EE32432}.Release|x86.ActiveCfg = Release|Win32
		{66A19023-8E23-4FEF-B9B0-40CB4EE32432}.Release|x86.Build.0 = Release|Win32
	EndGlobalSection
	GlobalSection(SolutionProperties) = preSolution
		HideSolutionNode = FALSE
	EndGlobalSection
	GlobalSection(ExtensibilityGlobals) = postSolution
		SolutionGuid = {ADA27AFE-6412-4752-A9D7-7B16A49DA390}
	EndGlobalSection
EndGlobal
